{
  "name": "ocr",
  "version": "1.0.0",
  "lockfileVersion": 1,
  "requires": true,
  "dependencies": {
    "balanced-match": {
      "version": "1.0.0",
      "resolved": "https://registry.npm.taobao.org/balanced-match/download/balanced-match-1.0.0.tgz",
      "integrity": "sha1-ibTRmasr7kneFk6gK4nORi1xt2c="
    },
    "blueimp-load-image": {
      "version": "3.0.0",
      "resolved": "https://registry.npm.taobao.org/blueimp-load-image/download/blueimp-load-image-3.0.0.tgz",
      "integrity": "sha1-1xw5RAp9LxqD4+hqYl4ykRalFwU="
    },
    "bmp-js": {
      "version": "0.1.0",
      "resolved": "https://registry.npm.taobao.org/bmp-js/download/bmp-js-0.1.0.tgz",
      "integrity": "sha1-4Fpj95amwf8l9Hcex62twUjAcjM="
    },
    "brace-expansion": {
      "version": "1.1.11",
      "resolved": "https://registry.npm.taobao.org/brace-expansion/download/brace-expansion-1.1.11.tgz",
      "integrity": "sha1-PH/L9SnYcibz0vUrlm/1Jx60Qd0=",
      "requires": {
        "balanced-match": "^1.0.0",
        "concat-map": "0.0.1"
      }
    },
    "colors": {
      "version": "1.4.0",
      "resolved": "https://registry.npm.taobao.org/colors/download/colors-1.4.0.tgz",
      "integrity": "sha1-xQSRR51MG9rtLJztMs98fcI2D3g="
    },
    "concat-map": {
      "version": "0.0.1",
      "resolved": "https://registry.npm.taobao.org/concat-map/download/concat-map-0.0.1.tgz",
      "integrity": "sha1-2Klr13/Wjfd5OnMDajug1UBdR3s="
    },
    "file-type": {
      "version": "12.4.2",
      "resolved": "https://registry.npm.taobao.org/file-type/download/file-type-12.4.2.tgz?cache=0&sync_timestamp=1615052224614&other_urls=https%3A%2F%2Fregistry.npm.taobao.org%2Ffile-type%2Fdownload%2Ffile-type-12.4.2.tgz",
      "integrity": "sha1-o0TqVmSh0BRH7n+xtjX3L+thadk="
    },
    "fs.realpath": {
      "version": "1.0.0",
      "resolved": "https://registry.npm.taobao.org/fs.realpath/download/fs.realpath-1.0.0.tgz",
      "integrity": "sha1-FQStJSMVjKpA20onh8sBQRmU6k8="
    },
    "glob": {
      "version": "7.1.6",
      "resolved": "https://registry.npm.taobao.org/glob/download/glob-7.1.6.tgz?cache=0&sync_timestamp=1573078121947&other_urls=https%3A%2F%2Fregistry.npm.taobao.org%2Fglob%2Fdownload%2Fglob-7.1.6.tgz",
      "integrity": "sha1-FB8zuBp8JJLhJVlDB0gMRmeSeKY=",
      "requires": {
        "fs.realpath": "^1.0.0",
        "inflight": "^1.0.4",
        "inherits": "2",
        "minimatch": "^3.0.4",
        "once": "^1.3.0",
        "path-is-absolute": "^1.0.0"
      }
    },
    "idb-keyval": {
      "version": "3.2.0",
      "resolved": "https://registry.npm.taobao.org/idb-keyval/download/idb-keyval-3.2.0.tgz",
      "integrity": "sha1-y781TetWhLbNyEN2KU/AWTKEW9Y="
    },
    "inflight": {
      "version": "1.0.6",
      "resolved": "https://registry.npm.taobao.org/inflight/download/inflight-1.0.6.tgz",
      "integrity": "sha1-Sb1jMdfQLQwJvJEKEHW6gWW1bfk=",
      "requires": {
        "once": "^1.3.0",
        "wrappy": "1"
      }
    },
    "inherits": {
      "version": "2.0.4",
      "resolved": "https://registry.npm.taobao.org/inherits/download/inherits-2.0.4.tgz?cache=0&sync_timestamp=1560975547815&other_urls=https%3A%2F%2Fregistry.npm.taobao.org%2Finherits%2Fdownload%2Finherits-2.0.4.tgz",
      "integrity": "sha1-D6LGT5MpF8NDOg3tVTY6rjdBa3w="
    },
    "is-electron": {
      "version": "2.2.0",
      "resolved": "https://registry.npm.taobao.org/is-electron/download/is-electron-2.2.0.tgz",
      "integrity": "sha1-iUMITwnotzGzp6ApintdVva37vA="
    },
    "is-url": {
      "version": "1.2.4",
      "resolved": "https://registry.npm.taobao.org/is-url/download/is-url-1.2.4.tgz",
      "integrity": "sha1-BKTfRtKMTP89c9Af8Gq+sxihqlI="
    },
    "jpeg-autorotate": {
      "version": "7.1.1",
      "resolved": "https://registry.npm.taobao.org/jpeg-autorotate/download/jpeg-autorotate-7.1.1.tgz",
      "integrity": "sha1-xXkFxq/TtUNzpqHQJJ7W4H97BDs=",
      "requires": {
        "colors": "^1.4.0",
        "glob": "^7.1.6",
        "jpeg-js": "^0.4.2",
        "piexifjs": "^1.0.6",
        "yargs-parser": "^20.2.1"
      }
    },
    "jpeg-js": {
      "version": "0.4.3",
      "resolved": "https://registry.npm.taobao.org/jpeg-js/download/jpeg-js-0.4.3.tgz",
      "integrity": "sha1-YVjgnxmDrXc4E3BL6AaAVQ7/l3s="
    },
    "minimatch": {
      "version": "3.0.4",
      "resolved": "https://registry.npm.taobao.org/minimatch/download/minimatch-3.0.4.tgz",
      "integrity": "sha1-UWbihkV/AzBgZL5Ul+jbsMPTIIM=",
      "requires": {
        "brace-expansion": "^1.1.7"
      }
    },
    "node-fetch": {
      "version": "2.6.1",
      "resolved": "https://registry.npm.taobao.org/node-fetch/download/node-fetch-2.6.1.tgz?cache=0&sync_timestamp=1599309198465&other_urls=https%3A%2F%2Fregistry.npm.taobao.org%2Fnode-fetch%2Fdownload%2Fnode-fetch-2.6.1.tgz",
      "integrity": "sha1-BFvTI2Mfdu0uK1VXM5RBa2OaAFI="
    },
    "once": {
      "version": "1.4.0",
      "resolved": "https://registry.npm.taobao.org/once/download/once-1.4.0.tgz",
      "integrity": "sha1-WDsap3WWHUsROsF9nFC6753Xa9E=",
      "requires": {
        "wrappy": "1"
      }
    },
    "opencollective-postinstall": {
      "version": "2.0.3",
      "resolved": "https://registry.npm.taobao.org/opencollective-postinstall/download/opencollective-postinstall-2.0.3.tgz",
      "integrity": "sha1-eg//l49tv6TQBiOPusmO1BmMMlk="
    },
    "path-is-absolute": {
      "version": "1.0.1",
      "resolved": "https://registry.npm.taobao.org/path-is-absolute/download/path-is-absolute-1.0.1.tgz",
      "integrity": "sha1-F0uSaHNVNP+8es5r9TpanhtcX18="
    },
    "piexifjs": {
      "version": "1.0.6",
      "resolved": "https://registry.npm.taobao.org/piexifjs/download/piexifjs-1.0.6.tgz",
      "integrity": "sha1-iDgR1z9EchjQ0G6e14ZtBFM+WeA="
    },
    "regenerator-runtime": {
      "version": "0.13.7",
      "resolved": "https://registry.npm.taobao.org/regenerator-runtime/download/regenerator-runtime-0.13.7.tgz",
      "integrity": "sha1-ysLazIoepnX+qrrriugziYrkb1U="
    },
    "resolve-url": {
      "version": "0.2.1",
      "resolved": "https://registry.npm.taobao.org/resolve-url/download/resolve-url-0.2.1.tgz",
      "integrity": "sha1-LGN/53yJOv0qZj/iGqkIAGjiBSo="
    },
    "tesseract.js": {
      "version": "2.1.4",
      "resolved": "https://registry.npm.taobao.org/tesseract.js/download/tesseract.js-2.1.4.tgz",
      "integrity": "sha1-JO9K+ZmC40cg8lToKGtoEmNK0mc=",
      "requires": {
        "blueimp-load-image": "^3.0.0",
        "bmp-js": "^0.1.0",
        "file-type": "^12.4.1",
        "idb-keyval": "^3.2.0",
        "is-electron": "^2.2.0",
        "is-url": "^1.2.4",
        "jpeg-autorotate": "^7.1.1",
        "node-fetch": "^2.6.0",
        "opencollective-postinstall": "^2.0.2",
        "regenerator-runtime": "^0.13.3",
        "resolve-url": "^0.2.1",
        "tesseract.js-core": "^2.2.0",
        "zlibjs": "^0.3.1"
      }
    },
    "tesseract.js-core": {
      "version": "2.2.0",
      "resolved": "https://registry.npm.taobao.org/tesseract.js-core/download/tesseract.js-core-2.2.0.tgz",
      "integrity": "sha1-bveAUScqOBlp+sPkWiJuhQIs/+8="
    },
    "wrappy": {
      "version": "1.0.2",
      "resolved": "https://registry.npm.taobao.org/wrappy/download/wrappy-1.0.2.tgz",
      "integrity": "sha1-tSQ9jz7BqjXxNkYFvA0QNuMKtp8="
    },
    "yargs-parser": {
      "version": "20.2.7",
      "resolved": "https://registry.npm.taobao.org/yargs-parser/download/yargs-parser-20.2.7.tgz?cache=0&sync_timestamp=1615405185480&other_urls=https%3A%2F%2Fregistry.npm.taobao.org%2Fyargs-parser%2Fdownload%2Fyargs-parser-20.2.7.tgz",
      "integrity": "sha1-Yd+FwRPt+1p6TjbriqYO9CPLyQo="
    },
    "zlibjs": {
      "version": "0.3.1",
      "resolved": "https://registry.npm.taobao.org/zlibjs/download/zlibjs-0.3.1.tgz",
      "integrity": "sha1-UBl+2yihxCymWcyLTmqd3W1ERVQ="
    }
  }
}
